
Microsoft Visual Studio Solution File, Format Version 12.00
# Visual Studio Version 17
VisualStudioVersion = 17.5.002.0
MinimumVisualStudioVersion = 10.0.40219.1
Project("{9A19103F-16F7-4668-BE54-9A1E7A4F7556}") = "reen", "reen.csproj", "{695F991B-55BA-4121-ABD6-994A29BA4813}"
EndProject
Global
	GlobalSection(SolutionConfigurationPlatforms) = preSolution
		Debug|Any CPU = Debug|Any CPU
		Release|Any CPU = Release|Any CPU
	EndGlobalSection
	GlobalSection(ProjectConfigurationPlatforms) = postSolution
		{695F991B-55BA-4121-ABD6-994A29BA4813}.Debug|Any CPU.ActiveCfg = Debug|Any CPU
		{695F991B-55BA-4121-ABD6-994A29BA4813}.Debug|Any CPU.Build.0 = Debug|Any CPU
		{695F991B-55BA-4121-ABD6-994A29BA4813}.Release|Any CPU.ActiveCfg = Release|Any CPU
		{695F991B-55BA-4121-ABD6-994A29BA4813}.Release|Any CPU.Build.0 = Release|Any CPU
	EndGlobalSection
	GlobalSection(SolutionProperties) = preSolution
		HideSolutionNode = FALSE
	EndGlobalSection
	GlobalSection(ExtensibilityGlobals) = postSolution
		SolutionGuid = {3ECA3AA3-5195-412C-B4AD-078B7EFDA19B}
	EndGlobalSection
EndGlobal
